
Microsoft Visual Studio Solution File, Format Version 12.00
# Visual Studio 15
VisualStudioVersion = 15.0.26730.16
MinimumVisualStudioVersion = 10.0.40219.1
Project("{FAE04EC0-301F-11D3-BF4B-00C04F79EFBC}") = "Maps", "Maps\Maps.csproj", "{CE31D321-82D9-4EA3-B52D-EF711139AAE1}"
EndProject
Project("{FAE04EC0-301F-11D3-BF4B-00C04F79EFBC}") = "Maps.Tests", "Maps.Tests\Maps.Tests.csproj", "{1240AF73-59FF-4CB8-AAEA-9647E10010AD}"
EndProject
Project("{FAE04EC0-301F-11D3-BF4B-00C04F79EFBC}") = "Maps.Unity", "Maps.Unity\Maps.Unity.csproj", "{40DFB874-DD96-4979-88DA-61B644CC220B}"
EndProject
Project("{FAE04EC0-301F-11D3-BF4B-00C04F79EFBC}") = "Maps.Unity.Tests", "Maps.Unity.Tests\Maps.Unity.Tests.csproj", "{BEEE01B7-6DE8-4DC5-A4C1-509DED11A451}"
EndProject
Project("{2150E333-8FDC-42A3-9474-1A3956D46DE8}") = "Unity3D", "Unity3D", "{E7062E12-8FBA-44E3-A7E2-79FFE8B4AC5B}"
EndProject
Project("{FAE04EC0-301F-11D3-BF4B-00C04F79EFBC}") = "Maps.Unity.Editor", "Maps.Unity.Editor\Maps.Unity.Editor.csproj", "{F045EA6B-98EB-4D8C-BE41-631C69D0800F}"
EndProject
Project("{2150E333-8FDC-42A3-9474-1A3956D46DE8}") = "Engines", "Engines", "{D99CA00D-F581-4869-87AB-B34031D27FB3}"
EndProject
Project("{2150E333-8FDC-42A3-9474-1A3956D46DE8}") = "Providers", "Providers", "{C66A68EA-DA4A-4622-90DA-DAC4C6737020}"
EndProject
Project("{2150E333-8FDC-42A3-9474-1A3956D46DE8}") = "OsmSharp", "OsmSharp", "{0B39B0E6-D264-4B0F-9378-DC27AB81458C}"
EndProject
Project("{FAE04EC0-301F-11D3-BF4B-00C04F79EFBC}") = "Maps.OsmSharp", "Maps.OsmSharp\Maps.OsmSharp.csproj", "{16F96681-C1E3-4BE1-9EAC-446EB33E080A}"
EndProject
Project("{FAE04EC0-301F-11D3-BF4B-00C04F79EFBC}") = "Maps.OsmSharp.Tests", "Maps.OsmSharp.Tests\Maps.OsmSharp.Tests.csproj", "{58E65609-7215-4F5B-A922-CD62C968D185}"
EndProject
Project("{2150E333-8FDC-42A3-9474-1A3956D46DE8}") = "Maps", "Maps", "{089A25D0-5457-4ADA-B44B-EB42C52311EC}"
EndProject
Project("{FAE04EC0-301F-11D3-BF4B-00C04F79EFBC}") = "Maps.Data", "Maps.Data\Maps.Data.csproj", "{1C88F452-EDB9-499A-9B6E-03CCBB96D3B7}"
EndProject
Project("{FAE04EC0-301F-11D3-BF4B-00C04F79EFBC}") = "Maps.Data.Tests", "Maps.Data.Tests\Maps.Data.Tests.csproj", "{8C1CB9F2-FC61-4CCD-953A-B816C787AF8C}"
EndProject
Project("{FAE04EC0-301F-11D3-BF4B-00C04F79EFBC}") = "Maps.Data.Compiler", "Maps.Data.Compiler\Maps.Data.Compiler.csproj", "{3FA1DA53-BF31-4675-B341-3E63B93EAAEF}"
EndProject
Project("{2150E333-8FDC-42A3-9474-1A3956D46DE8}") = "OpenStreetMap", "OpenStreetMap", "{6E8E544F-1E6C-4DC7-AAC5-11DA4034C622}"
EndProject
Project("{FAE04EC0-301F-11D3-BF4B-00C04F79EFBC}") = "Maps.Data.OpenStreetMap", "Maps.Data.OpenStreetMap\Maps.Data.OpenStreetMap.csproj", "{8FAA041B-942B-417A-B420-061F529AB9DF}"
EndProject
Project("{FAE04EC0-301F-11D3-BF4B-00C04F79EFBC}") = "Maps.Data.OpenStreetMap.Tests", "Maps.Data.OpenStreetMap.Tests\Maps.Data.OpenStreetMap.Tests.csproj", "{00F3B8DF-7536-45CF-8A82-580ADF711D77}"
EndProject
Project("{FAE04EC0-301F-11D3-BF4B-00C04F79EFBC}") = "Maps.Data.Compiler.CLI", "Maps.Data.Compiler.CLI\Maps.Data.Compiler.CLI.csproj", "{AF5ED55A-FDB3-4811-802F-37723A1C1DBE}"
EndProject
Global
	GlobalSection(SolutionConfigurationPlatforms) = preSolution
		Debug|Any CPU = Debug|Any CPU
		ObfuscatedRelease|Any CPU = ObfuscatedRelease|Any CPU
		Release|Any CPU = Release|Any CPU
	EndGlobalSection
	GlobalSection(ProjectConfigurationPlatforms) = postSolution
		{CE31D321-82D9-4EA3-B52D-EF711139AAE1}.Debug|Any CPU.ActiveCfg = Debug|Any CPU
		{CE31D321-82D9-4EA3-B52D-EF711139AAE1}.Debug|Any CPU.Build.0 = Debug|Any CPU
		{CE31D321-82D9-4EA3-B52D-EF711139AAE1}.ObfuscatedRelease|Any CPU.ActiveCfg = ObfuscatedRelease|Any CPU
		{CE31D321-82D9-4EA3-B52D-EF711139AAE1}.ObfuscatedRelease|Any CPU.Build.0 = ObfuscatedRelease|Any CPU
		{CE31D321-82D9-4EA3-B52D-EF711139AAE1}.Release|Any CPU.ActiveCfg = Release|Any CPU
		{CE31D321-82D9-4EA3-B52D-EF711139AAE1}.Release|Any CPU.Build.0 = Release|Any CPU
		{1240AF73-59FF-4CB8-AAEA-9647E10010AD}.Debug|Any CPU.ActiveCfg = Debug|Any CPU
		{1240AF73-59FF-4CB8-AAEA-9647E10010AD}.Debug|Any CPU.Build.0 = Debug|Any CPU
		{1240AF73-59FF-4CB8-AAEA-9647E10010AD}.ObfuscatedRelease|Any CPU.ActiveCfg = ObfuscatedRelease|Any CPU
		{1240AF73-59FF-4CB8-AAEA-9647E10010AD}.Release|Any CPU.ActiveCfg = Release|Any CPU
		{1240AF73-59FF-4CB8-AAEA-9647E10010AD}.Release|Any CPU.Build.0 = Release|Any CPU
		{40DFB874-DD96-4979-88DA-61B644CC220B}.Debug|Any CPU.ActiveCfg = Debug|Any CPU
		{40DFB874-DD96-4979-88DA-61B644CC220B}.Debug|Any CPU.Build.0 = Debug|Any CPU
		{40DFB874-DD96-4979-88DA-61B644CC220B}.ObfuscatedRelease|Any CPU.ActiveCfg = ObfuscatedRelease|Any CPU
		{40DFB874-DD96-4979-88DA-61B644CC220B}.ObfuscatedRelease|Any CPU.Build.0 = ObfuscatedRelease|Any CPU
		{40DFB874-DD96-4979-88DA-61B644CC220B}.Release|Any CPU.ActiveCfg = Release|Any CPU
		{40DFB874-DD96-4979-88DA-61B644CC220B}.Release|Any CPU.Build.0 = Release|Any CPU
		{BEEE01B7-6DE8-4DC5-A4C1-509DED11A451}.Debug|Any CPU.ActiveCfg = Debug|Any CPU
		{BEEE01B7-6DE8-4DC5-A4C1-509DED11A451}.Debug|Any CPU.Build.0 = Debug|Any CPU
		{BEEE01B7-6DE8-4DC5-A4C1-509DED11A451}.ObfuscatedRelease|Any CPU.ActiveCfg = ObfuscatedRelease|Any CPU
		{BEEE01B7-6DE8-4DC5-A4C1-509DED11A451}.Release|Any CPU.ActiveCfg = Release|Any CPU
		{BEEE01B7-6DE8-4DC5-A4C1-509DED11A451}.Release|Any CPU.Build.0 = Release|Any CPU
		{F045EA6B-98EB-4D8C-BE41-631C69D0800F}.Debug|Any CPU.ActiveCfg = Debug|Any CPU
		{F045EA6B-98EB-4D8C-BE41-631C69D0800F}.Debug|Any CPU.Build.0 = Debug|Any CPU
		{F045EA6B-98EB-4D8C-BE41-631C69D0800F}.ObfuscatedRelease|Any CPU.ActiveCfg = ObfuscatedRelease|Any CPU
		{F045EA6B-98EB-4D8C-BE41-631C69D0800F}.ObfuscatedRelease|Any CPU.Build.0 = ObfuscatedRelease|Any CPU
		{F045EA6B-98EB-4D8C-BE41-631C69D0800F}.Release|Any CPU.ActiveCfg = Release|Any CPU
		{F045EA6B-98EB-4D8C-BE41-631C69D0800F}.Release|Any CPU.Build.0 = Release|Any CPU
		{16F96681-C1E3-4BE1-9EAC-446EB33E080A}.Debug|Any CPU.ActiveCfg = Debug|Any CPU
		{16F96681-C1E3-4BE1-9EAC-446EB33E080A}.Debug|Any CPU.Build.0 = Debug|Any CPU
		{16F96681-C1E3-4BE1-9EAC-446EB33E080A}.ObfuscatedRelease|Any CPU.ActiveCfg = ObfuscatedRelease|Any CPU
		{16F96681-C1E3-4BE1-9EAC-446EB33E080A}.ObfuscatedRelease|Any CPU.Build.0 = ObfuscatedRelease|Any CPU
		{16F96681-C1E3-4BE1-9EAC-446EB33E080A}.Release|Any CPU.ActiveCfg = Release|Any CPU
		{16F96681-C1E3-4BE1-9EAC-446EB33E080A}.Release|Any CPU.Build.0 = Release|Any CPU
		{58E65609-7215-4F5B-A922-CD62C968D185}.Debug|Any CPU.ActiveCfg = Debug|Any CPU
		{58E65609-7215-4F5B-A922-CD62C968D185}.Debug|Any CPU.Build.0 = Debug|Any CPU
		{58E65609-7215-4F5B-A922-CD62C968D185}.ObfuscatedRelease|Any CPU.ActiveCfg = ObfuscatedRelease|Any CPU
		{58E65609-7215-4F5B-A922-CD62C968D185}.Release|Any CPU.ActiveCfg = Release|Any CPU
		{58E65609-7215-4F5B-A922-CD62C968D185}.Release|Any CPU.Build.0 = Release|Any CPU
		{1C88F452-EDB9-499A-9B6E-03CCBB96D3B7}.Debug|Any CPU.ActiveCfg = Debug|Any CPU
		{1C88F452-EDB9-499A-9B6E-03CCBB96D3B7}.Debug|Any CPU.Build.0 = Debug|Any CPU
		{1C88F452-EDB9-499A-9B6E-03CCBB96D3B7}.ObfuscatedRelease|Any CPU.ActiveCfg = ObfuscatedRelease|Any CPU
		{1C88F452-EDB9-499A-9B6E-03CCBB96D3B7}.ObfuscatedRelease|Any CPU.Build.0 = ObfuscatedRelease|Any CPU
		{1C88F452-EDB9-499A-9B6E-03CCBB96D3B7}.Release|Any CPU.ActiveCfg = Release|Any CPU
		{1C88F452-EDB9-499A-9B6E-03CCBB96D3B7}.Release|Any CPU.Build.0 = Release|Any CPU
		{8C1CB9F2-FC61-4CCD-953A-B816C787AF8C}.Debug|Any CPU.ActiveCfg = Debug|Any CPU
		{8C1CB9F2-FC61-4CCD-953A-B816C787AF8C}.Debug|Any CPU.Build.0 = Debug|Any CPU
		{8C1CB9F2-FC61-4CCD-953A-B816C787AF8C}.ObfuscatedRelease|Any CPU.ActiveCfg = ObfuscatedRelease|Any CPU
		{8C1CB9F2-FC61-4CCD-953A-B816C787AF8C}.Release|Any CPU.ActiveCfg = Release|Any CPU
		{8C1CB9F2-FC61-4CCD-953A-B816C787AF8C}.Release|Any CPU.Build.0 = Release|Any CPU
		{3FA1DA53-BF31-4675-B341-3E63B93EAAEF}.Debug|Any CPU.ActiveCfg = Debug|Any CPU
		{3FA1DA53-BF31-4675-B341-3E63B93EAAEF}.Debug|Any CPU.Build.0 = Debug|Any CPU
		{3FA1DA53-BF31-4675-B341-3E63B93EAAEF}.ObfuscatedRelease|Any CPU.ActiveCfg = ObfuscatedRelease|Any CPU
		{3FA1DA53-BF31-4675-B341-3E63B93EAAEF}.ObfuscatedRelease|Any CPU.Build.0 = ObfuscatedRelease|Any CPU
		{3FA1DA53-BF31-4675-B341-3E63B93EAAEF}.Release|Any CPU.ActiveCfg = Release|Any CPU
		{3FA1DA53-BF31-4675-B341-3E63B93EAAEF}.Release|Any CPU.Build.0 = Release|Any CPU
		{8FAA041B-942B-417A-B420-061F529AB9DF}.Debug|Any CPU.ActiveCfg = Debug|Any CPU
		{8FAA041B-942B-417A-B420-061F529AB9DF}.Debug|Any CPU.Build.0 = Debug|Any CPU
		{8FAA041B-942B-417A-B420-061F529AB9DF}.ObfuscatedRelease|Any CPU.ActiveCfg = Release|Any CPU
		{8FAA041B-942B-417A-B420-061F529AB9DF}.ObfuscatedRelease|Any CPU.Build.0 = Release|Any CPU
		{8FAA041B-942B-417A-B420-061F529AB9DF}.Release|Any CPU.ActiveCfg = Release|Any CPU
		{8FAA041B-942B-417A-B420-061F529AB9DF}.Release|Any CPU.Build.0 = Release|Any CPU
		{00F3B8DF-7536-45CF-8A82-580ADF711D77}.Debug|Any CPU.ActiveCfg = Debug|Any CPU
		{00F3B8DF-7536-45CF-8A82-580ADF711D77}.Debug|Any CPU.Build.0 = Debug|Any CPU
		{00F3B8DF-7536-45CF-8A82-580ADF711D77}.ObfuscatedRelease|Any CPU.ActiveCfg = Release|Any CPU
		{00F3B8DF-7536-45CF-8A82-580ADF711D77}.ObfuscatedRelease|Any CPU.Build.0 = Release|Any CPU
		{00F3B8DF-7536-45CF-8A82-580ADF711D77}.Release|Any CPU.ActiveCfg = Release|Any CPU
		{00F3B8DF-7536-45CF-8A82-580ADF711D77}.Release|Any CPU.Build.0 = Release|Any CPU
		{AF5ED55A-FDB3-4811-802F-37723A1C1DBE}.Debug|Any CPU.ActiveCfg = Debug|Any CPU
		{AF5ED55A-FDB3-4811-802F-37723A1C1DBE}.Debug|Any CPU.Build.0 = Debug|Any CPU
		{AF5ED55A-FDB3-4811-802F-37723A1C1DBE}.ObfuscatedRelease|Any CPU.ActiveCfg = Release|Any CPU
		{AF5ED55A-FDB3-4811-802F-37723A1C1DBE}.ObfuscatedRelease|Any CPU.Build.0 = Release|Any CPU
		{AF5ED55A-FDB3-4811-802F-37723A1C1DBE}.Release|Any CPU.ActiveCfg = Release|Any CPU
		{AF5ED55A-FDB3-4811-802F-37723A1C1DBE}.Release|Any CPU.Build.0 = Release|Any CPU
	EndGlobalSection
	GlobalSection(SolutionProperties) = preSolution
		HideSolutionNode = FALSE
	EndGlobalSection
	GlobalSection(NestedProjects) = preSolution
		{40DFB874-DD96-4979-88DA-61B644CC220B} = {E7062E12-8FBA-44E3-A7E2-79FFE8B4AC5B}
		{BEEE01B7-6DE8-4DC5-A4C1-509DED11A451} = {E7062E12-8FBA-44E3-A7E2-79FFE8B4AC5B}
		{E7062E12-8FBA-44E3-A7E2-79FFE8B4AC5B} = {D99CA00D-F581-4869-87AB-B34031D27FB3}
		{F045EA6B-98EB-4D8C-BE41-631C69D0800F} = {E7062E12-8FBA-44E3-A7E2-79FFE8B4AC5B}
		{0B39B0E6-D264-4B0F-9378-DC27AB81458C} = {C66A68EA-DA4A-4622-90DA-DAC4C6737020}
		{16F96681-C1E3-4BE1-9EAC-446EB33E080A} = {0B39B0E6-D264-4B0F-9378-DC27AB81458C}
		{58E65609-7215-4F5B-A922-CD62C968D185} = {0B39B0E6-D264-4B0F-9378-DC27AB81458C}
		{089A25D0-5457-4ADA-B44B-EB42C52311EC} = {C66A68EA-DA4A-4622-90DA-DAC4C6737020}
		{1C88F452-EDB9-499A-9B6E-03CCBB96D3B7} = {089A25D0-5457-4ADA-B44B-EB42C52311EC}
		{8C1CB9F2-FC61-4CCD-953A-B816C787AF8C} = {089A25D0-5457-4ADA-B44B-EB42C52311EC}
		{3FA1DA53-BF31-4675-B341-3E63B93EAAEF} = {089A25D0-5457-4ADA-B44B-EB42C52311EC}
		{6E8E544F-1E6C-4DC7-AAC5-11DA4034C622} = {C66A68EA-DA4A-4622-90DA-DAC4C6737020}
		{8FAA041B-942B-417A-B420-061F529AB9DF} = {6E8E544F-1E6C-4DC7-AAC5-11DA4034C622}
		{00F3B8DF-7536-45CF-8A82-580ADF711D77} = {6E8E544F-1E6C-4DC7-AAC5-11DA4034C622}
		{AF5ED55A-FDB3-4811-802F-37723A1C1DBE} = {089A25D0-5457-4ADA-B44B-EB42C52311EC}
	EndGlobalSection
	GlobalSection(ExtensibilityGlobals) = postSolution
		SolutionGuid = {F1CF9643-AF77-4F37-9DCB-3BE151ECEE65}
	EndGlobalSection
EndGlobal
